<?xml version="1.0" encoding="utf-8"?>
<Project ToolsVersion="4.0" xmlns="http://schemas.microsoft.com/developer/msbuild/2003">
  <ItemGroup>
    <Filter Include="Source Files">
      <UniqueIdentifier>{4FC737F1-C7A5-4376-A066-2A32D752A2FF}</UniqueIdentifier>
      <Extensions>cpp;c;cc;cxx;def;odl;idl;hpj;bat;asm;asmx</Extensions>
    </Filter>
    <Filter Include="Header Files">
      <UniqueIdentifier>{93995380-89BD-4b04-88EB-625FBE52EBFB}</UniqueIdentifier>
      <Extensions>h;hh;hpp;hxx;hm;inl;inc;xsd</Extensions>
    </Filter>
    <Filter Include="Resource Files">
      <UniqueIdentifier>{67DA6AB6-F800-4c08-8B7A-83BB121AAD01}</UniqueIdentifier>
      <Extensions>rc;ico;cur;bmp;dlg;rc2;rct;bin;rgs;gif;jpg;jpeg;jpe;resx;tiff;tif;png;wav;mfcribbon-ms</Extensions>
    </Filter>
  </ItemGroup>
  <ItemGroup>
    <Text Include="ReadMe.txt" />
  </ItemGroup>
  <ItemGroup>
    <ClInclude Include="stdafx.h">
      <Filter>Header Files</Filter>
    </ClInclude>
    <ClInclude Include="targetver.h">
      <Filter>Header Files</Filter>
    </ClInclude>
    <ClInclude Include="Person_Character.h">
      <Filter>Header Files</Filter>
    </ClInclude>
    <ClInclude Include="Weapons_Actor.h">
      <Filter>Header Files</Filter>
    </ClInclude>
    <ClInclude Include="Player_Person.h">
      <Filter>Header Files</Filter>
    </ClInclude>
    <ClInclude Include="AI_Person.h">
      <Filter>Header Files</Filter>
    </ClInclude>
    <ClInclude Include="AWP_AI_Person.h">
      <Filter>Header Files</Filter>
    </ClInclude>
    <ClInclude Include="M4A1_AI_Person.h">
      <Filter>Header Files</Filter>
    </ClInclude>
    <ClInclude Include="Shotgun_AI_Person.h">
      <Filter>Header Files</Filter>
    </ClInclude>
    <ClInclude Include="AWP_Weapons.h">
      <Filter>Header Files</Filter>
    </ClInclude>
    <ClInclude Include="M4A1_Weapons.h">
      <Filter>Header Files</Filter>
    </ClInclude>
    <ClInclude Include="Enemy_Character.h">
      <Filter>Header Files</Filter>
    </ClInclude>
    <ClInclude Include="Bear_Enemy.h">
      <Filter>Header Files</Filter>
    </ClInclude>
    <ClInclude Include="Giant_Enemy.h">
      <Filter>Header Files</Filter>
    </ClInclude>
    <ClInclude Include="Spider_Enemy.h">
      <Filter>Header Files</Filter>
    </ClInclude>
    <ClInclude Include="Wolf_Enemy.h">
      <Filter>Header Files</Filter>
    </ClInclude>
    <ClInclude Include="ShotGun_Weapons.h">
      <Filter>Header Files</Filter>
    </ClInclude>
    <ClInclude Include="EnemyBlackboard_Blackboard.h">
      <Filter>Header Files</Filter>
    </ClInclude>
    <ClInclude Include="Approach_BTTask.h">
      <Filter>Header Files</Filter>
    </ClInclude>
    <ClInclude Include="CloseEnoughForMeleeAttack_BTDecorator.h">
      <Filter>Header Files</Filter>
    </ClInclude>
    <ClInclude Include="CloseEnoughForRangedAttack_BTDecorator.h">
      <Filter>Header Files</Filter>
    </ClInclude>
    <ClInclude Include="EnemyAttack_BTTask.h">
      <Filter>Header Files</Filter>
    </ClInclude>
    <ClInclude Include="GiantApproach_BTTask.h">
      <Filter>Header Files</Filter>
    </ClInclude>
    <ClInclude Include="GiantCloseEnoughForRangedAttack_BTDecorator.h">
      <Filter>Header Files</Filter>
    </ClInclude>
    <ClInclude Include="GiantMeleeAttack_BTTask.h">
      <Filter>Header Files</Filter>
    </ClInclude>
    <ClInclude Include="GiantRangedAttack_BTTask.h">
      <Filter>Header Files</Filter>
    </ClInclude>
    <ClInclude Include="ScanPersonCharacters_BTService.h">
      <Filter>Header Files</Filter>
    </ClInclude>
    <ClInclude Include="SetRandomDestination_BTService.h">
      <Filter>Header Files</Filter>
    </ClInclude>
    <ClInclude Include="BearBehaviorTree_BehaviorTree.h">
      <Filter>Header Files</Filter>
    </ClInclude>
    <ClInclude Include="EnemyAIController_AIController.h">
      <Filter>Header Files</Filter>
    </ClInclude>
    <ClInclude Include="GiantBehaviorTree_BehaviorTree.h">
      <Filter>Header Files</Filter>
    </ClInclude>
    <ClInclude Include="All_AIController.h">
      <Filter>Header Files</Filter>
    </ClInclude>
    <ClInclude Include="BB_Humen.h">
      <Filter>Header Files</Filter>
    </ClInclude>
    <ClInclude Include="Dec_PlayerCheck.h">
      <Filter>Header Files</Filter>
    </ClInclude>
    <ClInclude Include="Dec_Rotationinit.h">
      <Filter>Header Files</Filter>
    </ClInclude>
    <ClInclude Include="Service_Destination.h">
      <Filter>Header Files</Filter>
    </ClInclude>
    <ClInclude Include="Service_ScanEnemyCharacter.h">
      <Filter>Header Files</Filter>
    </ClInclude>
    <ClInclude Include="Service_updateMyLocation.h">
      <Filter>Header Files</Filter>
    </ClInclude>
    <ClInclude Include="Task_Attack.h">
      <Filter>Header Files</Filter>
    </ClInclude>
    <ClInclude Include="Task_Move.h">
      <Filter>Header Files</Filter>
    </ClInclude>
    <ClInclude Include="BT_Base.h">
      <Filter>Header Files</Filter>
    </ClInclude>
    <ClInclude Include="PickupAmmo_Actor.h">
      <Filter>Header Files</Filter>
    </ClInclude>
    <ClInclude Include="SpawningPoint_Actor.h">
      <Filter>Header Files</Filter>
    </ClInclude>
    <ClInclude Include="SpawningVloume_Actor.h">
      <Filter>Header Files</Filter>
    </ClInclude>
  </ItemGroup>
  <ItemGroup>
    <ClCompile Include="Sinkhold_Doc.cpp">
      <Filter>Source Files</Filter>
    </ClCompile>
    <ClCompile Include="Person_Character.cpp">
      <Filter>Source Files</Filter>
    </ClCompile>
    <ClCompile Include="Weapons_Actor.cpp">
      <Filter>Source Files</Filter>
    </ClCompile>
    <ClCompile Include="Player_Person.cpp">
      <Filter>Source Files</Filter>
    </ClCompile>
    <ClCompile Include="AI_Person.cpp">
      <Filter>Source Files</Filter>
    </ClCompile>
    <ClCompile Include="AWP_AI_Person.cpp">
      <Filter>Source Files</Filter>
    </ClCompile>
    <ClCompile Include="M4A1_AI_Person.cpp">
      <Filter>Source Files</Filter>
    </ClCompile>
    <ClCompile Include="Shotgun_AI_Person.cpp">
      <Filter>Source Files</Filter>
    </ClCompile>
    <ClCompile Include="AWP_Weapons.cpp">
      <Filter>Source Files</Filter>
    </ClCompile>
    <ClCompile Include="M4A1_Weapons.cpp">
      <Filter>Source Files</Filter>
    </ClCompile>
    <ClCompile Include="ShotGunWeapons.cpp">
      <Filter>Source Files</Filter>
    </ClCompile>
    <ClCompile Include="Enemy_Character.cpp">
      <Filter>Source Files</Filter>
    </ClCompile>
    <ClCompile Include="Bear_Enemy.cpp">
      <Filter>Source Files</Filter>
    </ClCompile>
    <ClCompile Include="Giant_Enemy.cpp">
      <Filter>Source Files</Filter>
    </ClCompile>
    <ClCompile Include="Spider_Enemy.cpp">
      <Filter>Source Files</Filter>
    </ClCompile>
    <ClCompile Include="Wolf_Enemy.cpp">
      <Filter>Source Files</Filter>
    </ClCompile>
    <ClCompile Include="EnemyBlackboard_Blackboard.cpp">
      <Filter>Source Files</Filter>
    </ClCompile>
    <ClCompile Include="Approach_BTTask.cpp">
      <Filter>Source Files</Filter>
    </ClCompile>
    <ClCompile Include="CloseEnoughForMeleeAttack_BTDecorator.cpp">
      <Filter>Source Files</Filter>
    </ClCompile>
    <ClCompile Include="CloseEnoughForRangedAttack_BTDecorator.cpp">
      <Filter>Source Files</Filter>
    </ClCompile>
    <ClCompile Include="EnemyAttack_BTTask.cpp">
      <Filter>Source Files</Filter>
    </ClCompile>
    <ClCompile Include="GiantApproach_BTTask.cpp">
      <Filter>Source Files</Filter>
    </ClCompile>
    <ClCompile Include="GiantCloseEnoughForRangedAttack_BTDecorator.cpp">
      <Filter>Source Files</Filter>
    </ClCompile>
    <ClCompile Include="GiantMeleeAttack_BTTask.cpp">
      <Filter>Source Files</Filter>
    </ClCompile>
    <ClCompile Include="GiantRangedAttack_BTTask.cpp">
      <Filter>Source Files</Filter>
    </ClCompile>
    <ClCompile Include="ScanPersonCharacters_BTService.cpp">
      <Filter>Source Files</Filter>
    </ClCompile>
    <ClCompile Include="SetRandomDestination_BTService.cpp">
      <Filter>Source Files</Filter>
    </ClCompile>
    <ClCompile Include="BearBehaviorTree_BehaviorTree.cpp">
      <Filter>Source Files</Filter>
    </ClCompile>
    <ClCompile Include="EnemyAIController_AIController.cpp">
      <Filter>Source Files</Filter>
    </ClCompile>
    <ClCompile Include="GiantBehaviorTree_BehaviorTree.cpp">
      <Filter>Source Files</Filter>
    </ClCompile>
    <ClCompile Include="All_AIController.cpp">
      <Filter>Source Files</Filter>
    </ClCompile>
    <ClCompile Include="BB_Humen.cpp">
      <Filter>Source Files</Filter>
    </ClCompile>
    <ClCompile Include="Dec_PlayerCheck.cpp">
      <Filter>Source Files</Filter>
    </ClCompile>
    <ClCompile Include="Dec_Rotationinit.cpp">
      <Filter>Source Files</Filter>
    </ClCompile>
    <ClCompile Include="Service_Destination.cpp">
      <Filter>Source Files</Filter>
    </ClCompile>
    <ClCompile Include="Service_ScanEnemyCharacter.cpp">
      <Filter>Source Files</Filter>
    </ClCompile>
    <ClCompile Include="Service_updateMyLocation.cpp">
      <Filter>Source Files</Filter>
    </ClCompile>
    <ClCompile Include="Task_Attack.cpp">
      <Filter>Source Files</Filter>
    </ClCompile>
    <ClCompile Include="Task_Move.cpp">
      <Filter>Source Files</Filter>
    </ClCompile>
    <ClCompile Include="BT_Base.cpp">
      <Filter>Source Files</Filter>
    </ClCompile>
    <ClCompile Include="PickupAmmo_Actor.cpp">
      <Filter>Source Files</Filter>
    </ClCompile>
    <ClCompile Include="SpawningPoint_Actor.cpp">
      <Filter>Source Files</Filter>
    </ClCompile>
    <ClCompile Include="SpawningVloume_Actor.cpp">
      <Filter>Source Files</Filter>
    </ClCompile>
  </ItemGroup>
</Project>